
Microsoft Visual Studio Solution File, Format Version 12.00
# Visual Studio Version 16
VisualStudioVersion = 16.0.31005.135
MinimumVisualStudioVersion = 10.0.40219.1
Project("{FAE04EC0-301F-11D3-BF4B-00C04F79EFBC}") = "icart_be", "icart_be\icart_be.csproj", "{EDE1A9F5-3CFA-457A-A84E-E1E6CB0D6831}"
EndProject
Global
	GlobalSection(SolutionConfigurationPlatforms) = preSolution
		Debug|Any CPU = Debug|Any CPU
		Release|Any CPU = Release|Any CPU
	EndGlobalSection
	GlobalSection(ProjectConfigurationPlatforms) = postSolution
		{EDE1A9F5-3CFA-457A-A84E-E1E6CB0D6831}.Debug|Any CPU.ActiveCfg = Debug|Any CPU
		{EDE1A9F5-3CFA-457A-A84E-E1E6CB0D6831}.Debug|Any CPU.Build.0 = Debug|Any CPU
		{EDE1A9F5-3CFA-457A-A84E-E1E6CB0D6831}.Release|Any CPU.ActiveCfg = Release|Any CPU
		{EDE1A9F5-3CFA-457A-A84E-E1E6CB0D6831}.Release|Any CPU.Build.0 = Release|Any CPU
	EndGlobalSection
	GlobalSection(SolutionProperties) = preSolution
		HideSolutionNode = FALSE
	EndGlobalSection
	GlobalSection(ExtensibilityGlobals) = postSolution
		SolutionGuid = {3030CAAA-90B8-4760-B8BF-1A45E227E9AE}
	EndGlobalSection
EndGlobal
